
Microsoft Visual Studio Solution File, Format Version 12.00
# Visual Studio Version 16
VisualStudioVersion = 16.0.29009.5
MinimumVisualStudioVersion = 10.0.40219.1
Project("{2150E333-8FDC-42A3-9474-1A3956D46DE8}") = "0 Core", "0 Core", "{D6858761-52DA-453F-8968-919C48101F9A}"
EndProject
Project("{FAE04EC0-301F-11D3-BF4B-00C04F79EFBC}") = "Freitas.Octopus.Domain", "Freitas.Octopus.Domain\Freitas.Octopus.Domain.csproj", "{CC8A1882-CE40-4F30-A2E0-25F9BA1E846B}"
EndProject
Global
	GlobalSection(SolutionConfigurationPlatforms) = preSolution
		Debug|Any CPU = Debug|Any CPU
		Release|Any CPU = Release|Any CPU
	EndGlobalSection
	GlobalSection(ProjectConfigurationPlatforms) = postSolution
		{CC8A1882-CE40-4F30-A2E0-25F9BA1E846B}.Debug|Any CPU.ActiveCfg = Debug|Any CPU
		{CC8A1882-CE40-4F30-A2E0-25F9BA1E846B}.Debug|Any CPU.Build.0 = Debug|Any CPU
		{CC8A1882-CE40-4F30-A2E0-25F9BA1E846B}.Release|Any CPU.ActiveCfg = Release|Any CPU
		{CC8A1882-CE40-4F30-A2E0-25F9BA1E846B}.Release|Any CPU.Build.0 = Release|Any CPU
	EndGlobalSection
	GlobalSection(SolutionProperties) = preSolution
		HideSolutionNode = FALSE
	EndGlobalSection
	GlobalSection(NestedProjects) = preSolution
		{CC8A1882-CE40-4F30-A2E0-25F9BA1E846B} = {D6858761-52DA-453F-8968-919C48101F9A}
	EndGlobalSection
	GlobalSection(ExtensibilityGlobals) = postSolution
		SolutionGuid = {B8B27BDE-D705-4FE0-8BC3-8B741768ABA2}
	EndGlobalSection
EndGlobal
